
Microsoft Visual Studio Solution File, Format Version 12.00
# Visual Studio Version 17
VisualStudioVersion = 17.7.34031.279
MinimumVisualStudioVersion = 10.0.40219.1
Project("{9A19103F-16F7-4668-BE54-9A1E7A4F7556}") = "Movie-database-MVC", "Movie-database-MVC.csproj", "{0F6D0A49-8E59-4CD9-8334-C22CE943C925}"
EndProject
Global
	GlobalSection(SolutionConfigurationPlatforms) = preSolution
		Debug|Any CPU = Debug|Any CPU
		Release|Any CPU = Release|Any CPU
	EndGlobalSection
	GlobalSection(ProjectConfigurationPlatforms) = postSolution
		{0F6D0A49-8E59-4CD9-8334-C22CE943C925}.Debug|Any CPU.ActiveCfg = Debug|Any CPU
		{0F6D0A49-8E59-4CD9-8334-C22CE943C925}.Debug|Any CPU.Build.0 = Debug|Any CPU
		{0F6D0A49-8E59-4CD9-8334-C22CE943C925}.Release|Any CPU.ActiveCfg = Release|Any CPU
		{0F6D0A49-8E59-4CD9-8334-C22CE943C925}.Release|Any CPU.Build.0 = Release|Any CPU
	EndGlobalSection
	GlobalSection(SolutionProperties) = preSolution
		HideSolutionNode = FALSE
	EndGlobalSection
	GlobalSection(ExtensibilityGlobals) = postSolution
		SolutionGuid = {2218C180-2386-4737-885D-46F7DD2C8845}
	EndGlobalSection
EndGlobal
